// !$*UTF8*$!
{
	archiveVersion = 1;
	classes = {
	};
	objectVersion = 55;
	objects = {

/* Begin PBXBuildFile section */
		CE070FC32785A6AB0099B09D /* Settings.Traits.Item.swift in Sources */ = {isa = PBXBuildFile; fileRef = CE070FC22785A6AB0099B09D /* Settings.Traits.Item.swift */; };
		CE070FC52785B1590099B09D /* Settings.Option.swift in Sources */ = {isa = PBXBuildFile; fileRef = CE070FC42785B1590099B09D /* Settings.Option.swift */; };
		CE070FC72785B3540099B09D /* Settings.Location.swift in Sources */ = {isa = PBXBuildFile; fileRef = CE070FC62785B3540099B09D /* Settings.Location.swift */; };
		CE1F58902775F7DE00B35407 /* Home.Today.swift in Sources */ = {isa = PBXBuildFile; fileRef = CE1F588F2775F7DE00B35407 /* Home.Today.swift */; };
		CE37BE2627786FCE004D93D5 /* Track.Header.swift in Sources */ = {isa = PBXBuildFile; fileRef = CE37BE2527786FCE004D93D5 /* Track.Header.swift */; };
		CE37BE28277876B1004D93D5 /* Track.Header.Option.swift in Sources */ = {isa = PBXBuildFile; fileRef = CE37BE27277876B1004D93D5 /* Track.Header.Option.swift */; };
		CE37BE2A27787882004D93D5 /* GraphicsContext.swift in Sources */ = {isa = PBXBuildFile; fileRef = CE37BE2927787882004D93D5 /* GraphicsContext.swift */; };
		CE37BE2C277892E4004D93D5 /* Track.Content.swift in Sources */ = {isa = PBXBuildFile; fileRef = CE37BE2B277892E4004D93D5 /* Track.Content.swift */; };
		CE532FD827807F070043B111 /* CloudKit.framework in Frameworks */ = {isa = PBXBuildFile; fileRef = CE532FD727807F070043B111 /* CloudKit.framework */; };
		CE62AEC827997CFA000E7470 /* Window.Option.swift in Sources */ = {isa = PBXBuildFile; fileRef = CE62AEC727997CFA000E7470 /* Window.Option.swift */; };
		CE62AECA279986D8000E7470 /* Track.swift in Sources */ = {isa = PBXBuildFile; fileRef = CE62AEC9279986D8000E7470 /* Track.swift */; };
		CE62AECC27998740000E7470 /* Sheet.swift in Sources */ = {isa = PBXBuildFile; fileRef = CE62AECB27998740000E7470 /* Sheet.swift */; };
		CE62AECE27998F9D000E7470 /* Track.Active.swift in Sources */ = {isa = PBXBuildFile; fileRef = CE62AECD27998F9D000E7470 /* Track.Active.swift */; };
		CE62AED2279991FF000E7470 /* Track.Status.swift in Sources */ = {isa = PBXBuildFile; fileRef = CE62AED1279991FF000E7470 /* Track.Status.swift */; };
		CE9B398527832CC20006E8AF /* Settings.swift in Sources */ = {isa = PBXBuildFile; fileRef = CE9B398427832CC20006E8AF /* Settings.swift */; };
		CE9B398727832E0B0006E8AF /* Settings.Traits.swift in Sources */ = {isa = PBXBuildFile; fileRef = CE9B398627832E0B0006E8AF /* Settings.Traits.swift */; };
		CE9B398927832FB50006E8AF /* Global.swift in Sources */ = {isa = PBXBuildFile; fileRef = CE9B398827832FB50006E8AF /* Global.swift */; };
		CE9B398B27832FEE0006E8AF /* App.Delegate.swift in Sources */ = {isa = PBXBuildFile; fileRef = CE9B398A27832FEE0006E8AF /* App.Delegate.swift */; };
		CE9B398D278331560006E8AF /* UNUserNotificationCenter.swift in Sources */ = {isa = PBXBuildFile; fileRef = CE9B398C278331560006E8AF /* UNUserNotificationCenter.swift */; };
		CE9B398F2783316D0006E8AF /* Transaction.swift in Sources */ = {isa = PBXBuildFile; fileRef = CE9B398E2783316D0006E8AF /* Transaction.swift */; };
		CE9B39912783317A0006E8AF /* Store.swift in Sources */ = {isa = PBXBuildFile; fileRef = CE9B39902783317A0006E8AF /* Store.swift */; };
		CE9B3993278331860006E8AF /* Store.State.swift in Sources */ = {isa = PBXBuildFile; fileRef = CE9B3992278331860006E8AF /* Store.State.swift */; };
		CE9B3995278331930006E8AF /* Store.Item.swift in Sources */ = {isa = PBXBuildFile; fileRef = CE9B3994278331930006E8AF /* Store.Item.swift */; };
		CE9B399F278333BE0006E8AF /* Copy.swift in Sources */ = {isa = PBXBuildFile; fileRef = CE9B399E278333BE0006E8AF /* Copy.swift */; };
		CE9B39A1278334040006E8AF /* UIApplication.swift in Sources */ = {isa = PBXBuildFile; fileRef = CE9B39A0278334040006E8AF /* UIApplication.swift */; };
		CE9B39A3278334270006E8AF /* Froob.swift in Sources */ = {isa = PBXBuildFile; fileRef = CE9B39A2278334270006E8AF /* Froob.swift */; };
		CE9B39A527833A770006E8AF /* Trait.swift in Sources */ = {isa = PBXBuildFile; fileRef = CE9B39A427833A770006E8AF /* Trait.swift */; };
		CEA1E82727775A8400AFD07B /* TrackOld.swift in Sources */ = {isa = PBXBuildFile; fileRef = CEA1E82627775A8400AFD07B /* TrackOld.swift */; };
		CEAFCF04277350C800CFEE46 /* Home.Control.swift in Sources */ = {isa = PBXBuildFile; fileRef = CEAFCF03277350C800CFEE46 /* Home.Control.swift */; };
		CEB0A75F27871C6A00B5F5BF /* Settings.Notifications.swift in Sources */ = {isa = PBXBuildFile; fileRef = CEB0A75E27871C6A00B5F5BF /* Settings.Notifications.swift */; };
		CEB0A76127872C9000B5F5BF /* Settings.About.swift in Sources */ = {isa = PBXBuildFile; fileRef = CEB0A76027872C9000B5F5BF /* Settings.About.swift */; };
		CEB0A76327872EB900B5F5BF /* Info.swift in Sources */ = {isa = PBXBuildFile; fileRef = CEB0A76227872EB900B5F5BF /* Info.swift */; };
		CEE3400A2771EA6D005A99E9 /* Window.swift in Sources */ = {isa = PBXBuildFile; fileRef = CEE340092771EA6D005A99E9 /* Window.swift */; };
		CEE3400C2771F005005A99E9 /* Home.swift in Sources */ = {isa = PBXBuildFile; fileRef = CEE3400B2771F005005A99E9 /* Home.swift */; };
		CEE3400E2771F1FD005A99E9 /* Home.Info.swift in Sources */ = {isa = PBXBuildFile; fileRef = CEE3400D2771F1FD005A99E9 /* Home.Info.swift */; };
		CEE34010277202C9005A99E9 /* Home.Render.swift in Sources */ = {isa = PBXBuildFile; fileRef = CEE3400F277202C9005A99E9 /* Home.Render.swift */; };
		CEE3401327721C2A005A99E9 /* Media.xcassets in Resources */ = {isa = PBXBuildFile; fileRef = CEE3401227721C2A005A99E9 /* Media.xcassets */; };
		CEF8398D276B674900134178 /* App.swift in Sources */ = {isa = PBXBuildFile; fileRef = CEF8398C276B674900134178 /* App.swift */; };
		CEF83991276B674900134178 /* Assets.xcassets in Resources */ = {isa = PBXBuildFile; fileRef = CEF83990276B674900134178 /* Assets.xcassets */; };
		CEF8399A276B695200134178 /* Selene in Frameworks */ = {isa = PBXBuildFile; productRef = CEF83999276B695200134178 /* Selene */; };
		CEF8399F276B6DC300134178 /* Locator.swift in Sources */ = {isa = PBXBuildFile; fileRef = CEF8399E276B6DC300134178 /* Locator.swift */; };
		CEFB5F5127845AB700CAA105 /* Date.swift in Sources */ = {isa = PBXBuildFile; fileRef = CEFB5F5027845AB700CAA105 /* Date.swift */; };
		CEFB5F532784612A00CAA105 /* TrackOld.Status.swift in Sources */ = {isa = PBXBuildFile; fileRef = CEFB5F522784612A00CAA105 /* TrackOld.Status.swift */; };
		CEFB5F55278461F200CAA105 /* Track.Status.Item.swift in Sources */ = {isa = PBXBuildFile; fileRef = CEFB5F54278461F200CAA105 /* Track.Status.Item.swift */; };
		CEFB5F592784728700CAA105 /* Track.Content.Slide.swift in Sources */ = {isa = PBXBuildFile; fileRef = CEFB5F582784728700CAA105 /* Track.Content.Slide.swift */; };
/* End PBXBuildFile section */

/* Begin PBXFileReference section */
		CE070FC22785A6AB0099B09D /* Settings.Traits.Item.swift */ = {isa = PBXFileReference; lastKnownFileType = sourcecode.swift; path = Settings.Traits.Item.swift; sourceTree = "<group>"; };
		CE070FC42785B1590099B09D /* Settings.Option.swift */ = {isa = PBXFileReference; lastKnownFileType = sourcecode.swift; path = Settings.Option.swift; sourceTree = "<group>"; };
		CE070FC62785B3540099B09D /* Settings.Location.swift */ = {isa = PBXFileReference; lastKnownFileType = sourcecode.swift; path = Settings.Location.swift; sourceTree = "<group>"; };
		CE1F588F2775F7DE00B35407 /* Home.Today.swift */ = {isa = PBXFileReference; lastKnownFileType = sourcecode.swift; path = Home.Today.swift; sourceTree = "<group>"; };
		CE37BE2527786FCE004D93D5 /* Track.Header.swift */ = {isa = PBXFileReference; lastKnownFileType = sourcecode.swift; path = Track.Header.swift; sourceTree = "<group>"; };
		CE37BE27277876B1004D93D5 /* Track.Header.Option.swift */ = {isa = PBXFileReference; lastKnownFileType = sourcecode.swift; path = Track.Header.Option.swift; sourceTree = "<group>"; };
		CE37BE2927787882004D93D5 /* GraphicsContext.swift */ = {isa = PBXFileReference; lastKnownFileType = sourcecode.swift; path = GraphicsContext.swift; sourceTree = "<group>"; };
		CE37BE2B277892E4004D93D5 /* Track.Content.swift */ = {isa = PBXFileReference; lastKnownFileType = sourcecode.swift; path = Track.Content.swift; sourceTree = "<group>"; };
		CE532FD527807F030043B111 /* iOS.entitlements */ = {isa = PBXFileReference; lastKnownFileType = text.plist.entitlements; path = iOS.entitlements; sourceTree = "<group>"; };
		CE532FD727807F070043B111 /* CloudKit.framework */ = {isa = PBXFileReference; lastKnownFileType = wrapper.framework; name = CloudKit.framework; path = Platforms/iPhoneOS.platform/Developer/SDKs/iPhoneOS15.2.sdk/System/Library/Frameworks/CloudKit.framework; sourceTree = DEVELOPER_DIR; };
		CE62AEC727997CFA000E7470 /* Window.Option.swift */ = {isa = PBXFileReference; lastKnownFileType = sourcecode.swift; path = Window.Option.swift; sourceTree = "<group>"; };
		CE62AEC9279986D8000E7470 /* Track.swift */ = {isa = PBXFileReference; lastKnownFileType = sourcecode.swift; path = Track.swift; sourceTree = "<group>"; };
		CE62AECB27998740000E7470 /* Sheet.swift */ = {isa = PBXFileReference; lastKnownFileType = sourcecode.swift; path = Sheet.swift; sourceTree = "<group>"; };
		CE62AECD27998F9D000E7470 /* Track.Active.swift */ = {isa = PBXFileReference; lastKnownFileType = sourcecode.swift; path = Track.Active.swift; sourceTree = "<group>"; };
		CE62AED1279991FF000E7470 /* Track.Status.swift */ = {isa = PBXFileReference; lastKnownFileType = sourcecode.swift; path = Track.Status.swift; sourceTree = "<group>"; };
		CE9B398427832CC20006E8AF /* Settings.swift */ = {isa = PBXFileReference; lastKnownFileType = sourcecode.swift; path = Settings.swift; sourceTree = "<group>"; };
		CE9B398627832E0B0006E8AF /* Settings.Traits.swift */ = {isa = PBXFileReference; lastKnownFileType = sourcecode.swift; path = Settings.Traits.swift; sourceTree = "<group>"; };
		CE9B398827832FB50006E8AF /* Global.swift */ = {isa = PBXFileReference; lastKnownFileType = sourcecode.swift; path = Global.swift; sourceTree = "<group>"; };
		CE9B398A27832FEE0006E8AF /* App.Delegate.swift */ = {isa = PBXFileReference; lastKnownFileType = sourcecode.swift; path = App.Delegate.swift; sourceTree = "<group>"; };
		CE9B398C278331560006E8AF /* UNUserNotificationCenter.swift */ = {isa = PBXFileReference; lastKnownFileType = sourcecode.swift; path = UNUserNotificationCenter.swift; sourceTree = "<group>"; };
		CE9B398E2783316D0006E8AF /* Transaction.swift */ = {isa = PBXFileReference; lastKnownFileType = sourcecode.swift; path = Transaction.swift; sourceTree = "<group>"; };
		CE9B39902783317A0006E8AF /* Store.swift */ = {isa = PBXFileReference; lastKnownFileType = sourcecode.swift; path = Store.swift; sourceTree = "<group>"; };
		CE9B3992278331860006E8AF /* Store.State.swift */ = {isa = PBXFileReference; lastKnownFileType = sourcecode.swift; path = Store.State.swift; sourceTree = "<group>"; };
		CE9B3994278331930006E8AF /* Store.Item.swift */ = {isa = PBXFileReference; lastKnownFileType = sourcecode.swift; path = Store.Item.swift; sourceTree = "<group>"; };
		CE9B399E278333BE0006E8AF /* Copy.swift */ = {isa = PBXFileReference; lastKnownFileType = sourcecode.swift; path = Copy.swift; sourceTree = "<group>"; };
		CE9B39A0278334040006E8AF /* UIApplication.swift */ = {isa = PBXFileReference; lastKnownFileType = sourcecode.swift; path = UIApplication.swift; sourceTree = "<group>"; };
		CE9B39A2278334270006E8AF /* Froob.swift */ = {isa = PBXFileReference; lastKnownFileType = sourcecode.swift; path = Froob.swift; sourceTree = "<group>"; };
		CE9B39A427833A770006E8AF /* Trait.swift */ = {isa = PBXFileReference; lastKnownFileType = sourcecode.swift; path = Trait.swift; sourceTree = "<group>"; };
		CEA1E82627775A8400AFD07B /* TrackOld.swift */ = {isa = PBXFileReference; lastKnownFileType = sourcecode.swift; path = TrackOld.swift; sourceTree = "<group>"; };
		CEAFCF03277350C800CFEE46 /* Home.Control.swift */ = {isa = PBXFileReference; lastKnownFileType = sourcecode.swift; path = Home.Control.swift; sourceTree = "<group>"; };
		CEB0A75E27871C6A00B5F5BF /* Settings.Notifications.swift */ = {isa = PBXFileReference; lastKnownFileType = sourcecode.swift; path = Settings.Notifications.swift; sourceTree = "<group>"; };
		CEB0A76027872C9000B5F5BF /* Settings.About.swift */ = {isa = PBXFileReference; lastKnownFileType = sourcecode.swift; path = Settings.About.swift; sourceTree = "<group>"; };
		CEB0A76227872EB900B5F5BF /* Info.swift */ = {isa = PBXFileReference; lastKnownFileType = sourcecode.swift; path = Info.swift; sourceTree = "<group>"; };
		CEE340092771EA6D005A99E9 /* Window.swift */ = {isa = PBXFileReference; lastKnownFileType = sourcecode.swift; path = Window.swift; sourceTree = "<group>"; };
		CEE3400B2771F005005A99E9 /* Home.swift */ = {isa = PBXFileReference; lastKnownFileType = sourcecode.swift; path = Home.swift; sourceTree = "<group>"; };
		CEE3400D2771F1FD005A99E9 /* Home.Info.swift */ = {isa = PBXFileReference; lastKnownFileType = sourcecode.swift; path = Home.Info.swift; sourceTree = "<group>"; };
		CEE3400F277202C9005A99E9 /* Home.Render.swift */ = {isa = PBXFileReference; lastKnownFileType = sourcecode.swift; path = Home.Render.swift; sourceTree = "<group>"; };
		CEE3401227721C2A005A99E9 /* Media.xcassets */ = {isa = PBXFileReference; lastKnownFileType = folder.assetcatalog; path = Media.xcassets; sourceTree = "<group>"; };
		CEF83989276B674900134178 /* Moonhealth.app */ = {isa = PBXFileReference; explicitFileType = wrapper.application; includeInIndex = 0; path = Moonhealth.app; sourceTree = BUILT_PRODUCTS_DIR; };
		CEF8398C276B674900134178 /* App.swift */ = {isa = PBXFileReference; lastKnownFileType = sourcecode.swift; path = App.swift; sourceTree = "<group>"; };
		CEF83990276B674900134178 /* Assets.xcassets */ = {isa = PBXFileReference; lastKnownFileType = folder.assetcatalog; path = Assets.xcassets; sourceTree = "<group>"; };
		CEF8399B276B6BEF00134178 /* Info.plist */ = {isa = PBXFileReference; lastKnownFileType = text.plist; path = Info.plist; sourceTree = "<group>"; };
		CEF8399E276B6DC300134178 /* Locator.swift */ = {isa = PBXFileReference; lastKnownFileType = sourcecode.swift; path = Locator.swift; sourceTree = "<group>"; };
		CEFB5F5027845AB700CAA105 /* Date.swift */ = {isa = PBXFileReference; lastKnownFileType = sourcecode.swift; path = Date.swift; sourceTree = "<group>"; };
		CEFB5F522784612A00CAA105 /* TrackOld.Status.swift */ = {isa = PBXFileReference; lastKnownFileType = sourcecode.swift; path = TrackOld.Status.swift; sourceTree = "<group>"; };
		CEFB5F54278461F200CAA105 /* Track.Status.Item.swift */ = {isa = PBXFileReference; lastKnownFileType = sourcecode.swift; path = Track.Status.Item.swift; sourceTree = "<group>"; };
		CEFB5F582784728700CAA105 /* Track.Content.Slide.swift */ = {isa = PBXFileReference; lastKnownFileType = sourcecode.swift; path = Track.Content.Slide.swift; sourceTree = "<group>"; };
/* End PBXFileReference section */

/* Begin PBXFrameworksBuildPhase section */
		CEF83986276B674900134178 /* Frameworks */ = {
			isa = PBXFrameworksBuildPhase;
			buildActionMask = 2147483647;
			files = (
				CEF8399A276B695200134178 /* Selene in Frameworks */,
				CE532FD827807F070043B111 /* CloudKit.framework in Frameworks */,
			);
			runOnlyForDeploymentPostprocessing = 0;
		};
/* End PBXFrameworksBuildPhase section */

/* Begin PBXGroup section */
		CE532FD627807F070043B111 /* Frameworks */ = {
			isa = PBXGroup;
			children = (
				CE532FD727807F070043B111 /* CloudKit.framework */,
			);
			name = Frameworks;
			sourceTree = "<group>";
		};
		CE5360E0276B6710000D3EE9 = {
			isa = PBXGroup;
			children = (
				CEF8398B276B674900134178 /* iOS */,
				CEF8398A276B674900134178 /* Products */,
				CEE3401127721C19005A99E9 /* Shared */,
				CE532FD627807F070043B111 /* Frameworks */,
			);
			sourceTree = "<group>";
		};
		CEE3401127721C19005A99E9 /* Shared */ = {
			isa = PBXGroup;
			children = (
				CE9B399E278333BE0006E8AF /* Copy.swift */,
				CEFB5F5027845AB700CAA105 /* Date.swift */,
				CE9B398827832FB50006E8AF /* Global.swift */,
				CE37BE2927787882004D93D5 /* GraphicsContext.swift */,
				CEF8399E276B6DC300134178 /* Locator.swift */,
				CE9B3994278331930006E8AF /* Store.Item.swift */,
				CE9B3992278331860006E8AF /* Store.State.swift */,
				CE9B39902783317A0006E8AF /* Store.swift */,
				CE9B39A427833A770006E8AF /* Trait.swift */,
				CE9B398E2783316D0006E8AF /* Transaction.swift */,
				CE9B398C278331560006E8AF /* UNUserNotificationCenter.swift */,
				CEE3401227721C2A005A99E9 /* Media.xcassets */,
			);
			path = Shared;
			sourceTree = "<group>";
		};
		CEF8398A276B674900134178 /* Products */ = {
			isa = PBXGroup;
			children = (
				CEF83989276B674900134178 /* Moonhealth.app */,
			);
			name = Products;
			sourceTree = "<group>";
		};
		CEF8398B276B674900134178 /* iOS */ = {
			isa = PBXGroup;
			children = (
				CE532FD527807F030043B111 /* iOS.entitlements */,
				CEF8399B276B6BEF00134178 /* Info.plist */,
				CE9B398A27832FEE0006E8AF /* App.Delegate.swift */,
				CEF8398C276B674900134178 /* App.swift */,
				CE9B39A2278334270006E8AF /* Froob.swift */,
				CEAFCF03277350C800CFEE46 /* Home.Control.swift */,
				CEE3400D2771F1FD005A99E9 /* Home.Info.swift */,
				CEE3400F277202C9005A99E9 /* Home.Render.swift */,
				CEE3400B2771F005005A99E9 /* Home.swift */,
				CE1F588F2775F7DE00B35407 /* Home.Today.swift */,
				CEB0A76227872EB900B5F5BF /* Info.swift */,
				CEB0A76027872C9000B5F5BF /* Settings.About.swift */,
				CE070FC62785B3540099B09D /* Settings.Location.swift */,
				CEB0A75E27871C6A00B5F5BF /* Settings.Notifications.swift */,
				CE070FC42785B1590099B09D /* Settings.Option.swift */,
				CE9B398427832CC20006E8AF /* Settings.swift */,
				CE070FC22785A6AB0099B09D /* Settings.Traits.Item.swift */,
				CE9B398627832E0B0006E8AF /* Settings.Traits.swift */,
				CE62AECB27998740000E7470 /* Sheet.swift */,
				CEFB5F582784728700CAA105 /* Track.Content.Slide.swift */,
				CE37BE2B277892E4004D93D5 /* Track.Content.swift */,
				CE37BE27277876B1004D93D5 /* Track.Header.Option.swift */,
				CE37BE2527786FCE004D93D5 /* Track.Header.swift */,
				CE62AECD27998F9D000E7470 /* Track.Active.swift */,
				CEFB5F54278461F200CAA105 /* Track.Status.Item.swift */,
				CEFB5F522784612A00CAA105 /* TrackOld.Status.swift */,
				CE62AEC9279986D8000E7470 /* Track.swift */,
				CE62AED1279991FF000E7470 /* Track.Status.swift */,
				CEA1E82627775A8400AFD07B /* TrackOld.swift */,
				CE9B39A0278334040006E8AF /* UIApplication.swift */,
				CE62AEC727997CFA000E7470 /* Window.Option.swift */,
				CEE340092771EA6D005A99E9 /* Window.swift */,
				CEF83990276B674900134178 /* Assets.xcassets */,
			);
			path = iOS;
			sourceTree = "<group>";
		};
/* End PBXGroup section */

/* Begin PBXNativeTarget section */
		CEF83988276B674900134178 /* iOS */ = {
			isa = PBXNativeTarget;
			buildConfigurationList = CEF83997276B674900134178 /* Build configuration list for PBXNativeTarget "iOS" */;
			buildPhases = (
				CEF83985276B674900134178 /* Sources */,
				CEF83986276B674900134178 /* Frameworks */,
				CEF83987276B674900134178 /* Resources */,
			);
			buildRules = (
			);
			dependencies = (
			);
			name = iOS;
			packageProductDependencies = (
				CEF83999276B695200134178 /* Selene */,
			);
			productName = iOS;
			productReference = CEF83989276B674900134178 /* Moonhealth.app */;
			productType = "com.apple.product-type.application";
		};
/* End PBXNativeTarget section */

/* Begin PBXProject section */
		CE5360E1276B6710000D3EE9 /* Project object */ = {
			isa = PBXProject;
			attributes = {
				BuildIndependentTargetsInParallel = 1;
				LastSwiftUpdateCheck = 1320;
				LastUpgradeCheck = 1320;
				TargetAttributes = {
					CEF83988276B674900134178 = {
						CreatedOnToolsVersion = 13.2;
					};
				};
			};
			buildConfigurationList = CE5360E4276B6710000D3EE9 /* Build configuration list for PBXProject "Moon Health" */;
			compatibilityVersion = "Xcode 13.0";
			developmentRegion = en;
			hasScannedForEncodings = 0;
			knownRegions = (
				en,
				Base,
			);
			mainGroup = CE5360E0276B6710000D3EE9;
			packageReferences = (
				CEF83998276B695200134178 /* XCRemoteSwiftPackageReference "selene" */,
			);
			productRefGroup = CEF8398A276B674900134178 /* Products */;
			projectDirPath = "";
			projectRoot = "";
			targets = (
				CEF83988276B674900134178 /* iOS */,
			);
		};
/* End PBXProject section */

/* Begin PBXResourcesBuildPhase section */
		CEF83987276B674900134178 /* Resources */ = {
			isa = PBXResourcesBuildPhase;
			buildActionMask = 2147483647;
			files = (
				CEE3401327721C2A005A99E9 /* Media.xcassets in Resources */,
				CEF83991276B674900134178 /* Assets.xcassets in Resources */,
			);
			runOnlyForDeploymentPostprocessing = 0;
		};
/* End PBXResourcesBuildPhase section */

/* Begin PBXSourcesBuildPhase section */
		CEF83985276B674900134178 /* Sources */ = {
			isa = PBXSourcesBuildPhase;
			buildActionMask = 2147483647;
			files = (
				CE37BE28277876B1004D93D5 /* Track.Header.Option.swift in Sources */,
				CEAFCF04277350C800CFEE46 /* Home.Control.swift in Sources */,
				CE62AED2279991FF000E7470 /* Track.Status.swift in Sources */,
				CE070FC52785B1590099B09D /* Settings.Option.swift in Sources */,
				CE9B398F2783316D0006E8AF /* Transaction.swift in Sources */,
				CEFB5F5127845AB700CAA105 /* Date.swift in Sources */,
				CE1F58902775F7DE00B35407 /* Home.Today.swift in Sources */,
				CE9B3993278331860006E8AF /* Store.State.swift in Sources */,
				CE9B3995278331930006E8AF /* Store.Item.swift in Sources */,
				CEF8398D276B674900134178 /* App.swift in Sources */,
				CE9B39912783317A0006E8AF /* Store.swift in Sources */,
				CEE34010277202C9005A99E9 /* Home.Render.swift in Sources */,
				CE9B39A1278334040006E8AF /* UIApplication.swift in Sources */,
				CE37BE2C277892E4004D93D5 /* Track.Content.swift in Sources */,
				CEB0A75F27871C6A00B5F5BF /* Settings.Notifications.swift in Sources */,
				CE62AEC827997CFA000E7470 /* Window.Option.swift in Sources */,
				CEF8399F276B6DC300134178 /* Locator.swift in Sources */,
				CE37BE2627786FCE004D93D5 /* Track.Header.swift in Sources */,
				CEE3400E2771F1FD005A99E9 /* Home.Info.swift in Sources */,
				CEE3400A2771EA6D005A99E9 /* Window.swift in Sources */,
				CE9B39A527833A770006E8AF /* Trait.swift in Sources */,
				CEFB5F55278461F200CAA105 /* Track.Status.Item.swift in Sources */,
				CE070FC32785A6AB0099B09D /* Settings.Traits.Item.swift in Sources */,
				CE9B399F278333BE0006E8AF /* Copy.swift in Sources */,
				CE9B398727832E0B0006E8AF /* Settings.Traits.swift in Sources */,
				CEB0A76327872EB900B5F5BF /* Info.swift in Sources */,
				CEA1E82727775A8400AFD07B /* TrackOld.swift in Sources */,
				CE37BE2A27787882004D93D5 /* GraphicsContext.swift in Sources */,
				CE070FC72785B3540099B09D /* Settings.Location.swift in Sources */,
				CEE3400C2771F005005A99E9 /* Home.swift in Sources */,
				CE62AECE27998F9D000E7470 /* Track.Active.swift in Sources */,
				CEFB5F532784612A00CAA105 /* TrackOld.Status.swift in Sources */,
				CEFB5F592784728700CAA105 /* Track.Content.Slide.swift in Sources */,
				CE9B398D278331560006E8AF /* UNUserNotificationCenter.swift in Sources */,
				CE9B398B27832FEE0006E8AF /* App.Delegate.swift in Sources */,
				CEB0A76127872C9000B5F5BF /* Settings.About.swift in Sources */,
				CE9B398527832CC20006E8AF /* Settings.swift in Sources */,
				CE62AECC27998740000E7470 /* Sheet.swift in Sources */,
				CE9B39A3278334270006E8AF /* Froob.swift in Sources */,
				CE9B398927832FB50006E8AF /* Global.swift in Sources */,
				CE62AECA279986D8000E7470 /* Track.swift in Sources */,
			);
			runOnlyForDeploymentPostprocessing = 0;
		};
/* End PBXSourcesBuildPhase section */

/* Begin XCBuildConfiguration section */
		CE5360E5276B6710000D3EE9 /* Debug */ = {
			isa = XCBuildConfiguration;
			buildSettings = {
				CLANG_ENABLE_MODULES = YES;
				CURRENT_PROJECT_VERSION = 1;
				DEBUG_INFORMATION_FORMAT = dwarf;
				ENABLE_BITCODE = YES;
				GCC_OPTIMIZATION_LEVEL = 0;
				MARKETING_VERSION = 1;
				PRODUCT_NAME = Moonhealth;
				SWIFT_INSTALL_OBJC_HEADER = NO;
				SWIFT_OPTIMIZATION_LEVEL = "-Onone";
				SWIFT_OPTIMIZE_OBJECT_LIFETIME = YES;
				SWIFT_VERSION = 5.0;
			};
			name = Debug;
		};
		CE5360E6276B6710000D3EE9 /* Release */ = {
			isa = XCBuildConfiguration;
			buildSettings = {
				CLANG_ENABLE_MODULES = YES;
				CURRENT_PROJECT_VERSION = 1;
				DEBUG_INFORMATION_FORMAT = "dwarf-with-dsym";
				ENABLE_BITCODE = YES;
				GCC_OPTIMIZATION_LEVEL = fast;
				MARKETING_VERSION = 1;
				PRODUCT_NAME = Moonhealth;
				SWIFT_COMPILATION_MODE = wholemodule;
				SWIFT_INSTALL_OBJC_HEADER = NO;
				SWIFT_OPTIMIZE_OBJECT_LIFETIME = YES;
				SWIFT_VERSION = 5.0;
			};
			name = Release;
		};
		CEF83995276B674900134178 /* Debug */ = {
			isa = XCBuildConfiguration;
			buildSettings = {
				ALWAYS_SEARCH_USER_PATHS = NO;
				ASSETCATALOG_COMPILER_APPICON_NAME = AppIcon;
				ASSETCATALOG_COMPILER_GLOBAL_ACCENT_COLOR_NAME = AccentColor;
				ASSETCATALOG_COMPILER_INCLUDE_ALL_APPICON_ASSETS = YES;
				CLANG_ANALYZER_NONNULL = YES;
				CLANG_ANALYZER_NUMBER_OBJECT_CONVERSION = YES_AGGRESSIVE;
				CLANG_CXX_LANGUAGE_STANDARD = "gnu++17";
				CLANG_CXX_LIBRARY = "libc++";
				CLANG_ENABLE_OBJC_ARC = YES;
				CLANG_ENABLE_OBJC_WEAK = YES;
				CLANG_WARN_BLOCK_CAPTURE_AUTORELEASING = YES;
				CLANG_WARN_BOOL_CONVERSION = YES;
				CLANG_WARN_COMMA = YES;
				CLANG_WARN_CONSTANT_CONVERSION = YES;
				CLANG_WARN_DEPRECATED_OBJC_IMPLEMENTATIONS = YES;
				CLANG_WARN_DIRECT_OBJC_ISA_USAGE = YES_ERROR;
				CLANG_WARN_DOCUMENTATION_COMMENTS = YES;
				CLANG_WARN_EMPTY_BODY = YES;
				CLANG_WARN_ENUM_CONVERSION = YES;
				CLANG_WARN_INFINITE_RECURSION = YES;
				CLANG_WARN_INT_CONVERSION = YES;
				CLANG_WARN_NON_LITERAL_NULL_CONVERSION = YES;
				CLANG_WARN_OBJC_IMPLICIT_RETAIN_SELF = YES;
				CLANG_WARN_OBJC_LITERAL_CONVERSION = YES;
				CLANG_WARN_OBJC_ROOT_CLASS = YES_ERROR;
				CLANG_WARN_QUOTED_INCLUDE_IN_FRAMEWORK_HEADER = YES;
				CLANG_WARN_RANGE_LOOP_ANALYSIS = YES;
				CLANG_WARN_STRICT_PROTOTYPES = YES;
				CLANG_WARN_SUSPICIOUS_MOVE = YES;
				CLANG_WARN_UNGUARDED_AVAILABILITY = YES_AGGRESSIVE;
				CLANG_WARN_UNREACHABLE_CODE = YES;
				CLANG_WARN__DUPLICATE_METHOD_MATCH = YES;
				CODE_SIGN_ENTITLEMENTS = iOS/iOS.entitlements;
				CODE_SIGN_STYLE = Automatic;
				COPY_PHASE_STRIP = NO;
				DEVELOPMENT_ASSET_PATHS = "";
				DEVELOPMENT_TEAM = 7AMWG3RLHN;
				ENABLE_STRICT_OBJC_MSGSEND = YES;
				ENABLE_TESTABILITY = YES;
				GCC_C_LANGUAGE_STANDARD = gnu11;
				GCC_DYNAMIC_NO_PIC = NO;
				GCC_NO_COMMON_BLOCKS = YES;
				GCC_PREPROCESSOR_DEFINITIONS = (
					"DEBUG=1",
					"$(inherited)",
				);
				GCC_WARN_64_TO_32_BIT_CONVERSION = YES;
				GCC_WARN_ABOUT_RETURN_TYPE = YES_ERROR;
				GCC_WARN_UNDECLARED_SELECTOR = YES;
				GCC_WARN_UNINITIALIZED_AUTOS = YES_AGGRESSIVE;
				GCC_WARN_UNUSED_FUNCTION = YES;
				GCC_WARN_UNUSED_VARIABLE = YES;
				GENERATE_INFOPLIST_FILE = YES;
				INFOPLIST_FILE = iOS/Info.plist;
				INFOPLIST_KEY_CFBundleDisplayName = "Moon Health";
				INFOPLIST_KEY_NSLocationWhenInUseUsageDescription = "Moon Health access your location to follor the Phases of the Moon on your area.";
				INFOPLIST_KEY_UIApplicationSupportsIndirectInputEvents = YES;
				INFOPLIST_KEY_UILaunchScreen_Generation = YES;
				INFOPLIST_KEY_UIRequiresFullScreen = YES;
				INFOPLIST_KEY_UISupportedInterfaceOrientations = UIInterfaceOrientationPortrait;
				INFOPLIST_KEY_UISupportedInterfaceOrientations_iPad = UIInterfaceOrientationPortrait;
				INFOPLIST_KEY_UISupportedInterfaceOrientations_iPhone = UIInterfaceOrientationPortrait;
				IPHONEOS_DEPLOYMENT_TARGET = 15.0;
				LD_RUNPATH_SEARCH_PATHS = (
					"$(inherited)",
					"@executable_path/Frameworks",
				);
				MTL_ENABLE_DEBUG_INFO = INCLUDE_SOURCE;
				MTL_FAST_MATH = YES;
				ONLY_ACTIVE_ARCH = YES;
				PRODUCT_BUNDLE_IDENTIFIER = moonhealth;
				SDKROOT = iphoneos;
				SWIFT_ACTIVE_COMPILATION_CONDITIONS = DEBUG;
				SWIFT_EMIT_LOC_STRINGS = YES;
				TARGETED_DEVICE_FAMILY = "1,2";
			};
			name = Debug;
		};
		CEF83996276B674900134178 /* Release */ = {
			isa = XCBuildConfiguration;
			buildSettings = {
				ALWAYS_SEARCH_USER_PATHS = NO;
				ASSETCATALOG_COMPILER_APPICON_NAME = AppIcon;
				ASSETCATALOG_COMPILER_GLOBAL_ACCENT_COLOR_NAME = AccentColor;
				ASSETCATALOG_COMPILER_INCLUDE_ALL_APPICON_ASSETS = YES;
				CLANG_ANALYZER_NONNULL = YES;
				CLANG_ANALYZER_NUMBER_OBJECT_CONVERSION = YES_AGGRESSIVE;
				CLANG_CXX_LANGUAGE_STANDARD = "gnu++17";
				CLANG_CXX_LIBRARY = "libc++";
				CLANG_ENABLE_OBJC_ARC = YES;
				CLANG_ENABLE_OBJC_WEAK = YES;
				CLANG_WARN_BLOCK_CAPTURE_AUTORELEASING = YES;
				CLANG_WARN_BOOL_CONVERSION = YES;
				CLANG_WARN_COMMA = YES;
				CLANG_WARN_CONSTANT_CONVERSION = YES;
				CLANG_WARN_DEPRECATED_OBJC_IMPLEMENTATIONS = YES;
				CLANG_WARN_DIRECT_OBJC_ISA_USAGE = YES_ERROR;
				CLANG_WARN_DOCUMENTATION_COMMENTS = YES;
				CLANG_WARN_EMPTY_BODY = YES;
				CLANG_WARN_ENUM_CONVERSION = YES;
				CLANG_WARN_INFINITE_RECURSION = YES;
				CLANG_WARN_INT_CONVERSION = YES;
				CLANG_WARN_NON_LITERAL_NULL_CONVERSION = YES;
				CLANG_WARN_OBJC_IMPLICIT_RETAIN_SELF = YES;
				CLANG_WARN_OBJC_LITERAL_CONVERSION = YES;
				CLANG_WARN_OBJC_ROOT_CLASS = YES_ERROR;
				CLANG_WARN_QUOTED_INCLUDE_IN_FRAMEWORK_HEADER = YES;
				CLANG_WARN_RANGE_LOOP_ANALYSIS = YES;
				CLANG_WARN_STRICT_PROTOTYPES = YES;
				CLANG_WARN_SUSPICIOUS_MOVE = YES;
				CLANG_WARN_UNGUARDED_AVAILABILITY = YES_AGGRESSIVE;
				CLANG_WARN_UNREACHABLE_CODE = YES;
				CLANG_WARN__DUPLICATE_METHOD_MATCH = YES;
				CODE_SIGN_ENTITLEMENTS = iOS/iOS.entitlements;
				CODE_SIGN_STYLE = Automatic;
				COPY_PHASE_STRIP = NO;
				DEVELOPMENT_ASSET_PATHS = "";
				DEVELOPMENT_TEAM = 7AMWG3RLHN;
				ENABLE_NS_ASSERTIONS = NO;
				ENABLE_STRICT_OBJC_MSGSEND = YES;
				GCC_C_LANGUAGE_STANDARD = gnu11;
				GCC_NO_COMMON_BLOCKS = YES;
				GCC_WARN_64_TO_32_BIT_CONVERSION = YES;
				GCC_WARN_ABOUT_RETURN_TYPE = YES_ERROR;
				GCC_WARN_UNDECLARED_SELECTOR = YES;
				GCC_WARN_UNINITIALIZED_AUTOS = YES_AGGRESSIVE;
				GCC_WARN_UNUSED_FUNCTION = YES;
				GCC_WARN_UNUSED_VARIABLE = YES;
				GENERATE_INFOPLIST_FILE = YES;
				INFOPLIST_FILE = iOS/Info.plist;
				INFOPLIST_KEY_CFBundleDisplayName = "Moon Health";
				INFOPLIST_KEY_NSLocationWhenInUseUsageDescription = "Moon Health access your location to follor the Phases of the Moon on your area.";
				INFOPLIST_KEY_UIApplicationSupportsIndirectInputEvents = YES;
				INFOPLIST_KEY_UILaunchScreen_Generation = YES;
				INFOPLIST_KEY_UIRequiresFullScreen = YES;
				INFOPLIST_KEY_UISupportedInterfaceOrientations = UIInterfaceOrientationPortrait;
				INFOPLIST_KEY_UISupportedInterfaceOrientations_iPad = UIInterfaceOrientationPortrait;
				INFOPLIST_KEY_UISupportedInterfaceOrientations_iPhone = UIInterfaceOrientationPortrait;
				IPHONEOS_DEPLOYMENT_TARGET = 15.0;
				LD_RUNPATH_SEARCH_PATHS = (
					"$(inherited)",
					"@executable_path/Frameworks",
				);
				MTL_ENABLE_DEBUG_INFO = NO;
				MTL_FAST_MATH = YES;
				PRODUCT_BUNDLE_IDENTIFIER = moonhealth;
				SDKROOT = iphoneos;
				SWIFT_EMIT_LOC_STRINGS = YES;
				TARGETED_DEVICE_FAMILY = "1,2";
				VALIDATE_PRODUCT = YES;
			};
			name = Release;
		};
/* End XCBuildConfiguration section */

/* Begin XCConfigurationList section */
		CE5360E4276B6710000D3EE9 /* Build configuration list for PBXProject "Moon Health" */ = {
			isa = XCConfigurationList;
			buildConfigurations = (
				CE5360E5276B6710000D3EE9 /* Debug */,
				CE5360E6276B6710000D3EE9 /* Release */,
			);
			defaultConfigurationIsVisible = 0;
			defaultConfigurationName = Release;
		};
		CEF83997276B674900134178 /* Build configuration list for PBXNativeTarget "iOS" */ = {
			isa = XCConfigurationList;
			buildConfigurations = (
				CEF83995276B674900134178 /* Debug */,
				CEF83996276B674900134178 /* Release */,
			);
			defaultConfigurationIsVisible = 0;
			defaultConfigurationName = Release;
		};
/* End XCConfigurationList section */

/* Begin XCRemoteSwiftPackageReference section */
		CEF83998276B695200134178 /* XCRemoteSwiftPackageReference "selene" */ = {
			isa = XCRemoteSwiftPackageReference;
			repositoryURL = "https://github.com/lunahealth/selene.git";
			requirement = {
				branch = main;
				kind = branch;
			};
		};
/* End XCRemoteSwiftPackageReference section */

/* Begin XCSwiftPackageProductDependency section */
		CEF83999276B695200134178 /* Selene */ = {
			isa = XCSwiftPackageProductDependency;
			package = CEF83998276B695200134178 /* XCRemoteSwiftPackageReference "selene" */;
			productName = Selene;
		};
/* End XCSwiftPackageProductDependency section */
	};
	rootObject = CE5360E1276B6710000D3EE9 /* Project object */;
}
