{
  "pins" : [
    {
      "identity" : "dater",
      "kind" : "remoteSourceControl",
      "location" : "https://github.com/archivable/dater.git",
      "state" : {
        "branch" : "main",
        "revision" : "86735924c265b3e889a4836318348c758e7fc03e"
      }
    },
    {
      "identity" : "package",
      "kind" : "remoteSourceControl",
      "location" : "https://github.com/archivable/package.git",
      "state" : {
        "branch" : "main",
        "revision" : "15193042edd33e75875ce5aef64762e466fa7d3e"
      }
    },
    {
      "identity" : "selene",
      "kind" : "remoteSourceControl",
      "location" : "https://github.com/lunahealth/selene.git",
      "state" : {
        "branch" : "main",
        "revision" : "1d8bd798810b456ed6bd850d1144ae42382bef92"
      }
    }
  ],
  "version" : 2
}
