{
  "object": {
    "pins": [
      {
        "package": "Selene",
        "repositoryURL": "https://github.com/lunahealth/selene.git",
        "state": {
          "branch": "main",
          "revision": "0b3f792548458c6797f02ecdfe7eec5d387c4759",
          "version": null
        }
      }
    ]
  },
  "version": 1
}
