{
  "object": {
    "pins": [
      {
        "package": "Selene",
        "repositoryURL": "https://github.com/lunahealth/selene.git",
        "state": {
          "branch": "main",
          "revision": "407f260752805d19f12d34d72341b6aa86d61372",
          "version": null
        }
      }
    ]
  },
  "version": 1
}
